
Microsoft Visual Studio Solution File, Format Version 12.00
# Visual Studio Version 17
VisualStudioVersion = 17.5.33424.131
MinimumVisualStudioVersion = 10.0.40219.1
Project("{9A19103F-16F7-4668-BE54-9A1E7A4F7556}") = "FixMyFuckingMonitors", "FixMyFuckingMonitors\FixMyFuckingMonitors.csproj", "{2D080D4D-4AD7-4CAE-AF47-AEC63052C6AD}"
EndProject
Project("{9A19103F-16F7-4668-BE54-9A1E7A4F7556}") = "CMDMyFuckingMonitors", "CMDMyFuckingMonitors\CMDMyFuckingMonitors.csproj", "{B53E2792-7E9B-435C-A781-03BBDD37F343}"
EndProject
Project("{FAE04EC0-301F-11D3-BF4B-00C04F79EFBC}") = "LibMyFuckingMonitors", "LibMyFuckingMonitors\LibMyFuckingMonitors.csproj", "{FE92FF64-8BCE-4952-A2B8-96CC3316AC65}"
EndProject
Global
	GlobalSection(SolutionConfigurationPlatforms) = preSolution
		Debug|Any CPU = Debug|Any CPU
		Release|Any CPU = Release|Any CPU
	EndGlobalSection
	GlobalSection(ProjectConfigurationPlatforms) = postSolution
		{2D080D4D-4AD7-4CAE-AF47-AEC63052C6AD}.Debug|Any CPU.ActiveCfg = Debug|Any CPU
		{2D080D4D-4AD7-4CAE-AF47-AEC63052C6AD}.Debug|Any CPU.Build.0 = Debug|Any CPU
		{2D080D4D-4AD7-4CAE-AF47-AEC63052C6AD}.Release|Any CPU.ActiveCfg = Release|Any CPU
		{2D080D4D-4AD7-4CAE-AF47-AEC63052C6AD}.Release|Any CPU.Build.0 = Release|Any CPU
		{B53E2792-7E9B-435C-A781-03BBDD37F343}.Debug|Any CPU.ActiveCfg = Debug|Any CPU
		{B53E2792-7E9B-435C-A781-03BBDD37F343}.Debug|Any CPU.Build.0 = Debug|Any CPU
		{B53E2792-7E9B-435C-A781-03BBDD37F343}.Release|Any CPU.ActiveCfg = Release|Any CPU
		{B53E2792-7E9B-435C-A781-03BBDD37F343}.Release|Any CPU.Build.0 = Release|Any CPU
		{FE92FF64-8BCE-4952-A2B8-96CC3316AC65}.Debug|Any CPU.ActiveCfg = Debug|Any CPU
		{FE92FF64-8BCE-4952-A2B8-96CC3316AC65}.Debug|Any CPU.Build.0 = Debug|Any CPU
		{FE92FF64-8BCE-4952-A2B8-96CC3316AC65}.Release|Any CPU.ActiveCfg = Release|Any CPU
		{FE92FF64-8BCE-4952-A2B8-96CC3316AC65}.Release|Any CPU.Build.0 = Release|Any CPU
	EndGlobalSection
	GlobalSection(SolutionProperties) = preSolution
		HideSolutionNode = FALSE
	EndGlobalSection
	GlobalSection(ExtensibilityGlobals) = postSolution
		SolutionGuid = {BDC05E94-1826-4431-B39A-E8DF3E00A25B}
	EndGlobalSection
EndGlobal
